// !$*UTF8*$!
{
	archiveVersion = 1;
	classes = {
	};
	objectVersion = 46;
	objects = {

/* Begin PBXBuildFile section */
		6EA3EE3560F8D7CCF450E2B4 /* Pods_PupsAndPlaygrounds.framework in Frameworks */ = {isa = PBXBuildFile; fileRef = 4A9D9D55D8F7A0A1D4605204 /* Pods_PupsAndPlaygrounds.framework */; };
		B52351D71DECC207001AD33B /* GeoFireMethods.swift in Sources */ = {isa = PBXBuildFile; fileRef = B52351D61DECC207001AD33B /* GeoFireMethods.swift */; };
		C411BBB21DDF706E0090335B /* GoogleService-Info.plist in Resources */ = {isa = PBXBuildFile; fileRef = C411BBB11DDF706E0090335B /* GoogleService-Info.plist */; };
		C413C4411DDF9A140020F10F /* LoginViewController.swift in Sources */ = {isa = PBXBuildFile; fileRef = C413C4401DDF9A140020F10F /* LoginViewController.swift */; };
		C413C4431DDFB69F0020F10F /* CustomColors.swift in Sources */ = {isa = PBXBuildFile; fileRef = C413C4421DDFB69F0020F10F /* CustomColors.swift */; };
		C413C44C1DDFC4660020F10F /* CustomFonts.swift in Sources */ = {isa = PBXBuildFile; fileRef = C413C44B1DDFC4660020F10F /* CustomFonts.swift */; };
		C4810D1B1DE36C3A00A652DB /* HomeView.swift in Sources */ = {isa = PBXBuildFile; fileRef = C4810D1A1DE36C3A00A652DB /* HomeView.swift */; };
		C4810D1D1DE36EE600A652DB /* ProfileViewController.swift in Sources */ = {isa = PBXBuildFile; fileRef = C4810D1C1DE36EE600A652DB /* ProfileViewController.swift */; };
		C4810D1F1DE36F9E00A652DB /* ProfileView.swift in Sources */ = {isa = PBXBuildFile; fileRef = C4810D1E1DE36F9E00A652DB /* ProfileView.swift */; };
		C48AA8F21DE4CEFD00646B61 /* ImagePickerView.swift in Sources */ = {isa = PBXBuildFile; fileRef = C48AA8F11DE4CEFD00646B61 /* ImagePickerView.swift */; };
		C49C67811DE77D6D00163CD9 /* MainTabBarController.swift in Sources */ = {isa = PBXBuildFile; fileRef = C49C67801DE77D6D00163CD9 /* MainTabBarController.swift */; };
		C49C67831DE77E0800163CD9 /* FeedViewController.swift in Sources */ = {isa = PBXBuildFile; fileRef = C49C67821DE77E0800163CD9 /* FeedViewController.swift */; };
		C4DECFCB1DE2CCDF001CE1A2 /* CustomTextField.swift in Sources */ = {isa = PBXBuildFile; fileRef = C4DECFCA1DE2CCDF001CE1A2 /* CustomTextField.swift */; };
		C4DECFD11DE2FDB3001CE1A2 /* LoginView.swift in Sources */ = {isa = PBXBuildFile; fileRef = C4DECFD01DE2FDB3001CE1A2 /* LoginView.swift */; };
		C4DECFD31DE3381B001CE1A2 /* CreateAccountViewController.swift in Sources */ = {isa = PBXBuildFile; fileRef = C4DECFD21DE3381B001CE1A2 /* CreateAccountViewController.swift */; };
		C4DECFD51DE33840001CE1A2 /* CreateAccountView.swift in Sources */ = {isa = PBXBuildFile; fileRef = C4DECFD41DE33840001CE1A2 /* CreateAccountView.swift */; };
		C4DECFD81DE34E8C001CE1A2 /* HomeViewController.swift in Sources */ = {isa = PBXBuildFile; fileRef = C4DECFD71DE34E8C001CE1A2 /* HomeViewController.swift */; };
		C4EAE2D21DDF65E20069C15E /* AppDelegate.swift in Sources */ = {isa = PBXBuildFile; fileRef = C4EAE2D11DDF65E20069C15E /* AppDelegate.swift */; };
		C4EAE2DA1DDF65E20069C15E /* PupsAndPlaygrounds.xcdatamodeld in Sources */ = {isa = PBXBuildFile; fileRef = C4EAE2D81DDF65E20069C15E /* PupsAndPlaygrounds.xcdatamodeld */; };
		C4EAE2DC1DDF65E20069C15E /* Assets.xcassets in Resources */ = {isa = PBXBuildFile; fileRef = C4EAE2DB1DDF65E20069C15E /* Assets.xcassets */; };
		E809BA111DE4FF9D00E7BF03 /* User.swift in Sources */ = {isa = PBXBuildFile; fileRef = E809BA101DE4FF9D00E7BF03 /* User.swift */; };
		E813A3A81DECA4BA006D9725 /* LocationsProfileViewController.swift in Sources */ = {isa = PBXBuildFile; fileRef = E813A3A71DECA4BA006D9725 /* LocationsProfileViewController.swift */; };
		E813A3AA1DECA4E4006D9725 /* LocationsProfileView.swift in Sources */ = {isa = PBXBuildFile; fileRef = E813A3A91DECA4E4006D9725 /* LocationsProfileView.swift */; };
		E813A3AC1DECA513006D9725 /* FirebaseTableViewController.swift in Sources */ = {isa = PBXBuildFile; fileRef = E813A3AB1DECA513006D9725 /* FirebaseTableViewController.swift */; };
		E84199C21DE37E7800522C8A /* dogrunsnyc.json in Resources */ = {isa = PBXBuildFile; fileRef = E84199BF1DE37E7800522C8A /* dogrunsnyc.json */; };
		E84199C31DE37E7800522C8A /* JSONParser.swift in Sources */ = {isa = PBXBuildFile; fileRef = E84199C01DE37E7800522C8A /* JSONParser.swift */; };
		E84199C41DE37E7800522C8A /* playgroundsnyc.json in Resources */ = {isa = PBXBuildFile; fileRef = E84199C11DE37E7800522C8A /* playgroundsnyc.json */; };
		E84199C61DE37E8F00522C8A /* FirebaseData.swift in Sources */ = {isa = PBXBuildFile; fileRef = E84199C51DE37E8F00522C8A /* FirebaseData.swift */; };
		E84199CA1DE37EB000522C8A /* Locations.swift in Sources */ = {isa = PBXBuildFile; fileRef = E84199C81DE37EB000522C8A /* Locations.swift */; };
		E84199CB1DE37EB000522C8A /* LocationsDataStore.swift in Sources */ = {isa = PBXBuildFile; fileRef = E84199C91DE37EB000522C8A /* LocationsDataStore.swift */; };
		E84199D11DE38FE400522C8A /* Reviews.swift in Sources */ = {isa = PBXBuildFile; fileRef = E84199D01DE38FE400522C8A /* Reviews.swift */; };
/* End PBXBuildFile section */

/* Begin PBXFileReference section */
		06127B45D1FA197E42D189AB /* Pods-PupsAndPlaygrounds.debug.xcconfig */ = {isa = PBXFileReference; includeInIndex = 1; lastKnownFileType = text.xcconfig; name = "Pods-PupsAndPlaygrounds.debug.xcconfig"; path = "Pods/Target Support Files/Pods-PupsAndPlaygrounds/Pods-PupsAndPlaygrounds.debug.xcconfig"; sourceTree = "<group>"; };
		4A9D9D55D8F7A0A1D4605204 /* Pods_PupsAndPlaygrounds.framework */ = {isa = PBXFileReference; explicitFileType = wrapper.framework; includeInIndex = 0; path = Pods_PupsAndPlaygrounds.framework; sourceTree = BUILT_PRODUCTS_DIR; };
		B52351D61DECC207001AD33B /* GeoFireMethods.swift */ = {isa = PBXFileReference; fileEncoding = 4; lastKnownFileType = sourcecode.swift; path = GeoFireMethods.swift; sourceTree = "<group>"; };
		C411BBB11DDF706E0090335B /* GoogleService-Info.plist */ = {isa = PBXFileReference; fileEncoding = 4; lastKnownFileType = text.plist.xml; path = "GoogleService-Info.plist"; sourceTree = "<group>"; };
		C413C4401DDF9A140020F10F /* LoginViewController.swift */ = {isa = PBXFileReference; fileEncoding = 4; lastKnownFileType = sourcecode.swift; path = LoginViewController.swift; sourceTree = "<group>"; };
		C413C4421DDFB69F0020F10F /* CustomColors.swift */ = {isa = PBXFileReference; fileEncoding = 4; lastKnownFileType = sourcecode.swift; path = CustomColors.swift; sourceTree = "<group>"; };
		C413C44B1DDFC4660020F10F /* CustomFonts.swift */ = {isa = PBXFileReference; fileEncoding = 4; lastKnownFileType = sourcecode.swift; path = CustomFonts.swift; sourceTree = "<group>"; };
		C432CCA91DEC849F003C0686 /* PupsAndPlaygrounds.entitlements */ = {isa = PBXFileReference; lastKnownFileType = text.plist.entitlements; path = PupsAndPlaygrounds.entitlements; sourceTree = "<group>"; };
		C4810D1A1DE36C3A00A652DB /* HomeView.swift */ = {isa = PBXFileReference; fileEncoding = 4; lastKnownFileType = sourcecode.swift; path = HomeView.swift; sourceTree = "<group>"; };
		C4810D1C1DE36EE600A652DB /* ProfileViewController.swift */ = {isa = PBXFileReference; fileEncoding = 4; lastKnownFileType = sourcecode.swift; path = ProfileViewController.swift; sourceTree = "<group>"; };
		C4810D1E1DE36F9E00A652DB /* ProfileView.swift */ = {isa = PBXFileReference; fileEncoding = 4; lastKnownFileType = sourcecode.swift; path = ProfileView.swift; sourceTree = "<group>"; };
		C48AA8F11DE4CEFD00646B61 /* ImagePickerView.swift */ = {isa = PBXFileReference; fileEncoding = 4; lastKnownFileType = sourcecode.swift; path = ImagePickerView.swift; sourceTree = "<group>"; };
		C49C67801DE77D6D00163CD9 /* MainTabBarController.swift */ = {isa = PBXFileReference; fileEncoding = 4; lastKnownFileType = sourcecode.swift; path = MainTabBarController.swift; sourceTree = "<group>"; };
		C49C67821DE77E0800163CD9 /* FeedViewController.swift */ = {isa = PBXFileReference; fileEncoding = 4; lastKnownFileType = sourcecode.swift; path = FeedViewController.swift; sourceTree = "<group>"; };
		C4DECFCA1DE2CCDF001CE1A2 /* CustomTextField.swift */ = {isa = PBXFileReference; fileEncoding = 4; lastKnownFileType = sourcecode.swift; path = CustomTextField.swift; sourceTree = "<group>"; };
		C4DECFD01DE2FDB3001CE1A2 /* LoginView.swift */ = {isa = PBXFileReference; fileEncoding = 4; lastKnownFileType = sourcecode.swift; path = LoginView.swift; sourceTree = "<group>"; };
		C4DECFD21DE3381B001CE1A2 /* CreateAccountViewController.swift */ = {isa = PBXFileReference; fileEncoding = 4; lastKnownFileType = sourcecode.swift; path = CreateAccountViewController.swift; sourceTree = "<group>"; };
		C4DECFD41DE33840001CE1A2 /* CreateAccountView.swift */ = {isa = PBXFileReference; fileEncoding = 4; lastKnownFileType = sourcecode.swift; path = CreateAccountView.swift; sourceTree = "<group>"; };
		C4DECFD71DE34E8C001CE1A2 /* HomeViewController.swift */ = {isa = PBXFileReference; fileEncoding = 4; lastKnownFileType = sourcecode.swift; path = HomeViewController.swift; sourceTree = "<group>"; };
		C4EAE2CE1DDF65E20069C15E /* PupsAndPlaygrounds.app */ = {isa = PBXFileReference; explicitFileType = wrapper.application; includeInIndex = 0; path = PupsAndPlaygrounds.app; sourceTree = BUILT_PRODUCTS_DIR; };
		C4EAE2D11DDF65E20069C15E /* AppDelegate.swift */ = {isa = PBXFileReference; lastKnownFileType = sourcecode.swift; path = AppDelegate.swift; sourceTree = "<group>"; };
		C4EAE2D91DDF65E20069C15E /* PupsAndPlaygrounds.xcdatamodel */ = {isa = PBXFileReference; lastKnownFileType = wrapper.xcdatamodel; path = PupsAndPlaygrounds.xcdatamodel; sourceTree = "<group>"; };
		C4EAE2DB1DDF65E20069C15E /* Assets.xcassets */ = {isa = PBXFileReference; lastKnownFileType = folder.assetcatalog; path = Assets.xcassets; sourceTree = "<group>"; };
		C4EAE2E01DDF65E20069C15E /* Info.plist */ = {isa = PBXFileReference; lastKnownFileType = text.plist.xml; path = Info.plist; sourceTree = "<group>"; };
		DE3F3980132B9AA038E051E8 /* Pods-PupsAndPlaygrounds.release.xcconfig */ = {isa = PBXFileReference; includeInIndex = 1; lastKnownFileType = text.xcconfig; name = "Pods-PupsAndPlaygrounds.release.xcconfig"; path = "Pods/Target Support Files/Pods-PupsAndPlaygrounds/Pods-PupsAndPlaygrounds.release.xcconfig"; sourceTree = "<group>"; };
		E809BA101DE4FF9D00E7BF03 /* User.swift */ = {isa = PBXFileReference; fileEncoding = 4; lastKnownFileType = sourcecode.swift; path = User.swift; sourceTree = "<group>"; };
		E813A3A71DECA4BA006D9725 /* LocationsProfileViewController.swift */ = {isa = PBXFileReference; fileEncoding = 4; lastKnownFileType = sourcecode.swift; path = LocationsProfileViewController.swift; sourceTree = "<group>"; };
		E813A3A91DECA4E4006D9725 /* LocationsProfileView.swift */ = {isa = PBXFileReference; fileEncoding = 4; lastKnownFileType = sourcecode.swift; path = LocationsProfileView.swift; sourceTree = "<group>"; };
		E813A3AB1DECA513006D9725 /* FirebaseTableViewController.swift */ = {isa = PBXFileReference; fileEncoding = 4; lastKnownFileType = sourcecode.swift; path = FirebaseTableViewController.swift; sourceTree = "<group>"; };
		E84199BF1DE37E7800522C8A /* dogrunsnyc.json */ = {isa = PBXFileReference; fileEncoding = 4; lastKnownFileType = text.json; name = dogrunsnyc.json; path = PupsAndPlaygrounds/dogrunsnyc.json; sourceTree = "<group>"; };
		E84199C01DE37E7800522C8A /* JSONParser.swift */ = {isa = PBXFileReference; fileEncoding = 4; lastKnownFileType = sourcecode.swift; name = JSONParser.swift; path = PupsAndPlaygrounds/JSONParser.swift; sourceTree = "<group>"; };
		E84199C11DE37E7800522C8A /* playgroundsnyc.json */ = {isa = PBXFileReference; fileEncoding = 4; lastKnownFileType = text.json; name = playgroundsnyc.json; path = PupsAndPlaygrounds/playgroundsnyc.json; sourceTree = "<group>"; };
		E84199C51DE37E8F00522C8A /* FirebaseData.swift */ = {isa = PBXFileReference; fileEncoding = 4; lastKnownFileType = sourcecode.swift; path = FirebaseData.swift; sourceTree = "<group>"; };
		E84199C81DE37EB000522C8A /* Locations.swift */ = {isa = PBXFileReference; fileEncoding = 4; lastKnownFileType = sourcecode.swift; path = Locations.swift; sourceTree = "<group>"; };
		E84199C91DE37EB000522C8A /* LocationsDataStore.swift */ = {isa = PBXFileReference; fileEncoding = 4; lastKnownFileType = sourcecode.swift; path = LocationsDataStore.swift; sourceTree = "<group>"; };
		E84199D01DE38FE400522C8A /* Reviews.swift */ = {isa = PBXFileReference; fileEncoding = 4; lastKnownFileType = sourcecode.swift; path = Reviews.swift; sourceTree = "<group>"; };
/* End PBXFileReference section */

/* Begin PBXFrameworksBuildPhase section */
		C4EAE2CB1DDF65E20069C15E /* Frameworks */ = {
			isa = PBXFrameworksBuildPhase;
			buildActionMask = 2147483647;
			files = (
				6EA3EE3560F8D7CCF450E2B4 /* Pods_PupsAndPlaygrounds.framework in Frameworks */,
			);
			runOnlyForDeploymentPostprocessing = 0;
		};
/* End PBXFrameworksBuildPhase section */

/* Begin PBXGroup section */
		3AAC3F68BDE70F5034EFD53D /* Frameworks */ = {
			isa = PBXGroup;
			children = (
				4A9D9D55D8F7A0A1D4605204 /* Pods_PupsAndPlaygrounds.framework */,
			);
			name = Frameworks;
			sourceTree = "<group>";
		};
		9BF12558C8182FC9BC2B515A /* Pods */ = {
			isa = PBXGroup;
			children = (
				06127B45D1FA197E42D189AB /* Pods-PupsAndPlaygrounds.debug.xcconfig */,
				DE3F3980132B9AA038E051E8 /* Pods-PupsAndPlaygrounds.release.xcconfig */,
			);
			name = Pods;
			sourceTree = "<group>";
		};
		C413C4441DDFB9C40020F10F /* Model */ = {
			isa = PBXGroup;
			children = (
				E84199D01DE38FE400522C8A /* Reviews.swift */,
				E84199C81DE37EB000522C8A /* Locations.swift */,
				E809BA101DE4FF9D00E7BF03 /* User.swift */,
				E84199C91DE37EB000522C8A /* LocationsDataStore.swift */,
				C4EAE2D81DDF65E20069C15E /* PupsAndPlaygrounds.xcdatamodeld */,
			);
			name = Model;
			sourceTree = "<group>";
		};
		C413C4451DDFB9C90020F10F /* View */ = {
			isa = PBXGroup;
			children = (
				E813A3A91DECA4E4006D9725 /* LocationsProfileView.swift */,
				C4DECFD01DE2FDB3001CE1A2 /* LoginView.swift */,
				C4DECFD41DE33840001CE1A2 /* CreateAccountView.swift */,
				C4810D1A1DE36C3A00A652DB /* HomeView.swift */,
				C4810D1E1DE36F9E00A652DB /* ProfileView.swift */,
				C48AA8F11DE4CEFD00646B61 /* ImagePickerView.swift */,
				C4DECFCA1DE2CCDF001CE1A2 /* CustomTextField.swift */,
				C4EAE2DB1DDF65E20069C15E /* Assets.xcassets */,
			);
			name = View;
			sourceTree = "<group>";
		};
		C413C4461DDFB9CE0020F10F /* Controller */ = {
			isa = PBXGroup;
			children = (
				C4EAE2D11DDF65E20069C15E /* AppDelegate.swift */,
				E813A3A71DECA4BA006D9725 /* LocationsProfileViewController.swift */,
				E813A3AB1DECA513006D9725 /* FirebaseTableViewController.swift */,
				C413C4401DDF9A140020F10F /* LoginViewController.swift */,
				C4DECFD21DE3381B001CE1A2 /* CreateAccountViewController.swift */,
				C49C67801DE77D6D00163CD9 /* MainTabBarController.swift */,
				C4DECFD71DE34E8C001CE1A2 /* HomeViewController.swift */,
				C49C67821DE77E0800163CD9 /* FeedViewController.swift */,
				C4810D1C1DE36EE600A652DB /* ProfileViewController.swift */,
			);
			name = Controller;
			sourceTree = "<group>";
		};
		C413C4471DDFB9DC0020F10F /* Extensions */ = {
			isa = PBXGroup;
			children = (
				C413C4421DDFB69F0020F10F /* CustomColors.swift */,
				C413C44B1DDFC4660020F10F /* CustomFonts.swift */,
			);
			name = Extensions;
			sourceTree = "<group>";
		};
		C413C4481DDFBA360020F10F /* Other */ = {
			isa = PBXGroup;
			children = (
				C413C4471DDFB9DC0020F10F /* Extensions */,
				C4DECFD61DE3474C001CE1A2 /* Preferences */,
			);
			name = Other;
			sourceTree = "<group>";
		};
		C4DECFD61DE3474C001CE1A2 /* Preferences */ = {
			isa = PBXGroup;
			children = (
				C4EAE2E01DDF65E20069C15E /* Info.plist */,
				C411BBB11DDF706E0090335B /* GoogleService-Info.plist */,
			);
			name = Preferences;
			sourceTree = "<group>";
		};
		C4EAE2C51DDF65E20069C15E = {
			isa = PBXGroup;
			children = (
				C4EAE2D01DDF65E20069C15E /* PupsAndPlaygrounds */,
				C4EAE2CF1DDF65E20069C15E /* Products */,
				9BF12558C8182FC9BC2B515A /* Pods */,
				3AAC3F68BDE70F5034EFD53D /* Frameworks */,
			);
			sourceTree = "<group>";
		};
		C4EAE2CF1DDF65E20069C15E /* Products */ = {
			isa = PBXGroup;
			children = (
				C4EAE2CE1DDF65E20069C15E /* PupsAndPlaygrounds.app */,
			);
			name = Products;
			sourceTree = "<group>";
		};
		C4EAE2D01DDF65E20069C15E /* PupsAndPlaygrounds */ = {
			isa = PBXGroup;
			children = (
				C432CCA91DEC849F003C0686 /* PupsAndPlaygrounds.entitlements */,
				E84199C71DE37E9300522C8A /* Firebase */,
				E84199BE1DE37E5100522C8A /* JSON */,
				C413C4441DDFB9C40020F10F /* Model */,
				C413C4451DDFB9C90020F10F /* View */,
				C413C4461DDFB9CE0020F10F /* Controller */,
				C413C4481DDFBA360020F10F /* Other */,
			);
			path = PupsAndPlaygrounds;
			sourceTree = "<group>";
		};
		E84199BE1DE37E5100522C8A /* JSON */ = {
			isa = PBXGroup;
			children = (
				E84199C01DE37E7800522C8A /* JSONParser.swift */,
				E84199BF1DE37E7800522C8A /* dogrunsnyc.json */,
				E84199C11DE37E7800522C8A /* playgroundsnyc.json */,
			);
			name = JSON;
			path = ..;
			sourceTree = "<group>";
		};
		E84199C71DE37E9300522C8A /* Firebase */ = {
			isa = PBXGroup;
			children = (
				E84199C51DE37E8F00522C8A /* FirebaseData.swift */,
				B52351D61DECC207001AD33B /* GeoFireMethods.swift */,
			);
			name = Firebase;
			sourceTree = "<group>";
		};
/* End PBXGroup section */

/* Begin PBXNativeTarget section */
		C4EAE2CD1DDF65E20069C15E /* PupsAndPlaygrounds */ = {
			isa = PBXNativeTarget;
			buildConfigurationList = C4EAE2E31DDF65E20069C15E /* Build configuration list for PBXNativeTarget "PupsAndPlaygrounds" */;
			buildPhases = (
				EA21A31D217C9634D61596FC /* [CP] Check Pods Manifest.lock */,
				C4EAE2CA1DDF65E20069C15E /* Sources */,
				C4EAE2CB1DDF65E20069C15E /* Frameworks */,
				C4EAE2CC1DDF65E20069C15E /* Resources */,
				94BA418E71767B692A5E2C7A /* [CP] Embed Pods Frameworks */,
				02278551F2BF7FC517AEA22E /* [CP] Copy Pods Resources */,
			);
			buildRules = (
			);
			dependencies = (
			);
			name = PupsAndPlaygrounds;
			productName = PupsAndPlaygrounds;
			productReference = C4EAE2CE1DDF65E20069C15E /* PupsAndPlaygrounds.app */;
			productType = "com.apple.product-type.application";
		};
/* End PBXNativeTarget section */

/* Begin PBXProject section */
		C4EAE2C61DDF65E20069C15E /* Project object */ = {
			isa = PBXProject;
			attributes = {
				LastSwiftUpdateCheck = 0810;
				LastUpgradeCheck = 0810;
				ORGANIZATIONNAME = "Flatiron School";
				TargetAttributes = {
					C4EAE2CD1DDF65E20069C15E = {
						CreatedOnToolsVersion = 8.1;
						DevelopmentTeam = TWPE6ND5AF;
						ProvisioningStyle = Automatic;
						SystemCapabilities = {
							com.apple.Keychain = {
								enabled = 1;
							};
						};
					};
				};
			};
			buildConfigurationList = C4EAE2C91DDF65E20069C15E /* Build configuration list for PBXProject "PupsAndPlaygrounds" */;
			compatibilityVersion = "Xcode 3.2";
			developmentRegion = English;
			hasScannedForEncodings = 0;
			knownRegions = (
				en,
				Base,
			);
			mainGroup = C4EAE2C51DDF65E20069C15E;
			productRefGroup = C4EAE2CF1DDF65E20069C15E /* Products */;
			projectDirPath = "";
			projectRoot = "";
			targets = (
				C4EAE2CD1DDF65E20069C15E /* PupsAndPlaygrounds */,
			);
		};
/* End PBXProject section */

/* Begin PBXResourcesBuildPhase section */
		C4EAE2CC1DDF65E20069C15E /* Resources */ = {
			isa = PBXResourcesBuildPhase;
			buildActionMask = 2147483647;
			files = (
				E84199C41DE37E7800522C8A /* playgroundsnyc.json in Resources */,
				C411BBB21DDF706E0090335B /* GoogleService-Info.plist in Resources */,
				C4EAE2DC1DDF65E20069C15E /* Assets.xcassets in Resources */,
				E84199C21DE37E7800522C8A /* dogrunsnyc.json in Resources */,
			);
			runOnlyForDeploymentPostprocessing = 0;
		};
/* End PBXResourcesBuildPhase section */

/* Begin PBXShellScriptBuildPhase section */
		02278551F2BF7FC517AEA22E /* [CP] Copy Pods Resources */ = {
			isa = PBXShellScriptBuildPhase;
			buildActionMask = 2147483647;
			files = (
			);
			inputPaths = (
			);
			name = "[CP] Copy Pods Resources";
			outputPaths = (
			);
			runOnlyForDeploymentPostprocessing = 0;
			shellPath = /bin/sh;
			shellScript = "\"${SRCROOT}/Pods/Target Support Files/Pods-PupsAndPlaygrounds/Pods-PupsAndPlaygrounds-resources.sh\"\n";
			showEnvVarsInLog = 0;
		};
		94BA418E71767B692A5E2C7A /* [CP] Embed Pods Frameworks */ = {
			isa = PBXShellScriptBuildPhase;
			buildActionMask = 2147483647;
			files = (
			);
			inputPaths = (
			);
			name = "[CP] Embed Pods Frameworks";
			outputPaths = (
			);
			runOnlyForDeploymentPostprocessing = 0;
			shellPath = /bin/sh;
			shellScript = "\"${SRCROOT}/Pods/Target Support Files/Pods-PupsAndPlaygrounds/Pods-PupsAndPlaygrounds-frameworks.sh\"\n";
			showEnvVarsInLog = 0;
		};
		EA21A31D217C9634D61596FC /* [CP] Check Pods Manifest.lock */ = {
			isa = PBXShellScriptBuildPhase;
			buildActionMask = 2147483647;
			files = (
			);
			inputPaths = (
			);
			name = "[CP] Check Pods Manifest.lock";
			outputPaths = (
			);
			runOnlyForDeploymentPostprocessing = 0;
			shellPath = /bin/sh;
			shellScript = "diff \"${PODS_ROOT}/../Podfile.lock\" \"${PODS_ROOT}/Manifest.lock\" > /dev/null\nif [[ $? != 0 ]] ; then\n    cat << EOM\nerror: The sandbox is not in sync with the Podfile.lock. Run 'pod install' or update your CocoaPods installation.\nEOM\n    exit 1\nfi\n";
			showEnvVarsInLog = 0;
		};
/* End PBXShellScriptBuildPhase section */

/* Begin PBXSourcesBuildPhase section */
		C4EAE2CA1DDF65E20069C15E /* Sources */ = {
			isa = PBXSourcesBuildPhase;
			buildActionMask = 2147483647;
			files = (
				C413C4411DDF9A140020F10F /* LoginViewController.swift in Sources */,
				E84199D11DE38FE400522C8A /* Reviews.swift in Sources */,
				C4810D1F1DE36F9E00A652DB /* ProfileView.swift in Sources */,
				E813A3A81DECA4BA006D9725 /* LocationsProfileViewController.swift in Sources */,
				E84199C31DE37E7800522C8A /* JSONParser.swift in Sources */,
				E84199C61DE37E8F00522C8A /* FirebaseData.swift in Sources */,
				C4DECFD11DE2FDB3001CE1A2 /* LoginView.swift in Sources */,
				C4EAE2D21DDF65E20069C15E /* AppDelegate.swift in Sources */,
				C49C67811DE77D6D00163CD9 /* MainTabBarController.swift in Sources */,
				E84199CA1DE37EB000522C8A /* Locations.swift in Sources */,
				E809BA111DE4FF9D00E7BF03 /* User.swift in Sources */,
				C48AA8F21DE4CEFD00646B61 /* ImagePickerView.swift in Sources */,
				C4DECFD51DE33840001CE1A2 /* CreateAccountView.swift in Sources */,
				E84199CB1DE37EB000522C8A /* LocationsDataStore.swift in Sources */,
				C4DECFCB1DE2CCDF001CE1A2 /* CustomTextField.swift in Sources */,
				C4810D1B1DE36C3A00A652DB /* HomeView.swift in Sources */,
				C4810D1D1DE36EE600A652DB /* ProfileViewController.swift in Sources */,
				E813A3AC1DECA513006D9725 /* FirebaseTableViewController.swift in Sources */,
				C4DECFD81DE34E8C001CE1A2 /* HomeViewController.swift in Sources */,
				C4DECFD31DE3381B001CE1A2 /* CreateAccountViewController.swift in Sources */,
				B52351D71DECC207001AD33B /* GeoFireMethods.swift in Sources */,
				C413C44C1DDFC4660020F10F /* CustomFonts.swift in Sources */,
				C413C4431DDFB69F0020F10F /* CustomColors.swift in Sources */,
				C49C67831DE77E0800163CD9 /* FeedViewController.swift in Sources */,
				C4EAE2DA1DDF65E20069C15E /* PupsAndPlaygrounds.xcdatamodeld in Sources */,
				E813A3AA1DECA4E4006D9725 /* LocationsProfileView.swift in Sources */,
			);
			runOnlyForDeploymentPostprocessing = 0;
		};
/* End PBXSourcesBuildPhase section */

/* Begin XCBuildConfiguration section */
		C4EAE2E11DDF65E20069C15E /* Debug */ = {
			isa = XCBuildConfiguration;
			buildSettings = {
				ALWAYS_SEARCH_USER_PATHS = NO;
				CLANG_ANALYZER_NONNULL = YES;
				CLANG_CXX_LANGUAGE_STANDARD = "gnu++0x";
				CLANG_CXX_LIBRARY = "libc++";
				CLANG_ENABLE_MODULES = YES;
				CLANG_ENABLE_OBJC_ARC = YES;
				CLANG_WARN_BOOL_CONVERSION = YES;
				CLANG_WARN_CONSTANT_CONVERSION = YES;
				CLANG_WARN_DIRECT_OBJC_ISA_USAGE = YES_ERROR;
				CLANG_WARN_DOCUMENTATION_COMMENTS = YES;
				CLANG_WARN_EMPTY_BODY = YES;
				CLANG_WARN_ENUM_CONVERSION = YES;
				CLANG_WARN_INFINITE_RECURSION = YES;
				CLANG_WARN_INT_CONVERSION = YES;
				CLANG_WARN_OBJC_ROOT_CLASS = YES_ERROR;
				CLANG_WARN_SUSPICIOUS_MOVES = YES;
				CLANG_WARN_UNREACHABLE_CODE = YES;
				CLANG_WARN__DUPLICATE_METHOD_MATCH = YES;
				"CODE_SIGN_IDENTITY[sdk=iphoneos*]" = "iPhone Developer";
				COPY_PHASE_STRIP = NO;
				DEBUG_INFORMATION_FORMAT = dwarf;
				ENABLE_STRICT_OBJC_MSGSEND = YES;
				ENABLE_TESTABILITY = YES;
				GCC_C_LANGUAGE_STANDARD = gnu99;
				GCC_DYNAMIC_NO_PIC = NO;
				GCC_NO_COMMON_BLOCKS = YES;
				GCC_OPTIMIZATION_LEVEL = 0;
				GCC_PREPROCESSOR_DEFINITIONS = (
					"DEBUG=1",
					"$(inherited)",
				);
				GCC_WARN_64_TO_32_BIT_CONVERSION = YES;
				GCC_WARN_ABOUT_RETURN_TYPE = YES_ERROR;
				GCC_WARN_UNDECLARED_SELECTOR = YES;
				GCC_WARN_UNINITIALIZED_AUTOS = YES_AGGRESSIVE;
				GCC_WARN_UNUSED_FUNCTION = YES;
				GCC_WARN_UNUSED_VARIABLE = YES;
				IPHONEOS_DEPLOYMENT_TARGET = 10.1;
				MTL_ENABLE_DEBUG_INFO = YES;
				ONLY_ACTIVE_ARCH = YES;
				SDKROOT = iphoneos;
				SWIFT_ACTIVE_COMPILATION_CONDITIONS = DEBUG;
				SWIFT_OPTIMIZATION_LEVEL = "-Onone";
			};
			name = Debug;
		};
		C4EAE2E21DDF65E20069C15E /* Release */ = {
			isa = XCBuildConfiguration;
			buildSettings = {
				ALWAYS_SEARCH_USER_PATHS = NO;
				CLANG_ANALYZER_NONNULL = YES;
				CLANG_CXX_LANGUAGE_STANDARD = "gnu++0x";
				CLANG_CXX_LIBRARY = "libc++";
				CLANG_ENABLE_MODULES = YES;
				CLANG_ENABLE_OBJC_ARC = YES;
				CLANG_WARN_BOOL_CONVERSION = YES;
				CLANG_WARN_CONSTANT_CONVERSION = YES;
				CLANG_WARN_DIRECT_OBJC_ISA_USAGE = YES_ERROR;
				CLANG_WARN_DOCUMENTATION_COMMENTS = YES;
				CLANG_WARN_EMPTY_BODY = YES;
				CLANG_WARN_ENUM_CONVERSION = YES;
				CLANG_WARN_INFINITE_RECURSION = YES;
				CLANG_WARN_INT_CONVERSION = YES;
				CLANG_WARN_OBJC_ROOT_CLASS = YES_ERROR;
				CLANG_WARN_SUSPICIOUS_MOVES = YES;
				CLANG_WARN_UNREACHABLE_CODE = YES;
				CLANG_WARN__DUPLICATE_METHOD_MATCH = YES;
				"CODE_SIGN_IDENTITY[sdk=iphoneos*]" = "iPhone Developer";
				COPY_PHASE_STRIP = NO;
				DEBUG_INFORMATION_FORMAT = "dwarf-with-dsym";
				ENABLE_NS_ASSERTIONS = NO;
				ENABLE_STRICT_OBJC_MSGSEND = YES;
				GCC_C_LANGUAGE_STANDARD = gnu99;
				GCC_NO_COMMON_BLOCKS = YES;
				GCC_WARN_64_TO_32_BIT_CONVERSION = YES;
				GCC_WARN_ABOUT_RETURN_TYPE = YES_ERROR;
				GCC_WARN_UNDECLARED_SELECTOR = YES;
				GCC_WARN_UNINITIALIZED_AUTOS = YES_AGGRESSIVE;
				GCC_WARN_UNUSED_FUNCTION = YES;
				GCC_WARN_UNUSED_VARIABLE = YES;
				IPHONEOS_DEPLOYMENT_TARGET = 10.1;
				MTL_ENABLE_DEBUG_INFO = NO;
				SDKROOT = iphoneos;
				SWIFT_OPTIMIZATION_LEVEL = "-Owholemodule";
				VALIDATE_PRODUCT = YES;
			};
			name = Release;
		};
		C4EAE2E41DDF65E20069C15E /* Debug */ = {
			isa = XCBuildConfiguration;
			baseConfigurationReference = 06127B45D1FA197E42D189AB /* Pods-PupsAndPlaygrounds.debug.xcconfig */;
			buildSettings = {
				ASSETCATALOG_COMPILER_APPICON_NAME = AppIcon;
				CODE_SIGN_ENTITLEMENTS = PupsAndPlaygrounds/PupsAndPlaygrounds.entitlements;
				DEVELOPMENT_TEAM = TWPE6ND5AF;
				INFOPLIST_FILE = PupsAndPlaygrounds/Info.plist;
				LD_RUNPATH_SEARCH_PATHS = "$(inherited) @executable_path/Frameworks";
				PRODUCT_BUNDLE_IDENTIFIER = com.FlatironSchool.PupsAndPlaygrounds;
				PRODUCT_NAME = "$(TARGET_NAME)";
				SWIFT_VERSION = 3.0;
			};
			name = Debug;
		};
		C4EAE2E51DDF65E20069C15E /* Release */ = {
			isa = XCBuildConfiguration;
			baseConfigurationReference = DE3F3980132B9AA038E051E8 /* Pods-PupsAndPlaygrounds.release.xcconfig */;
			buildSettings = {
				ASSETCATALOG_COMPILER_APPICON_NAME = AppIcon;
				CODE_SIGN_ENTITLEMENTS = PupsAndPlaygrounds/PupsAndPlaygrounds.entitlements;
				DEVELOPMENT_TEAM = TWPE6ND5AF;
				INFOPLIST_FILE = PupsAndPlaygrounds/Info.plist;
				LD_RUNPATH_SEARCH_PATHS = "$(inherited) @executable_path/Frameworks";
				PRODUCT_BUNDLE_IDENTIFIER = com.FlatironSchool.PupsAndPlaygrounds;
				PRODUCT_NAME = "$(TARGET_NAME)";
				SWIFT_VERSION = 3.0;
			};
			name = Release;
		};
/* End XCBuildConfiguration section */

/* Begin XCConfigurationList section */
		C4EAE2C91DDF65E20069C15E /* Build configuration list for PBXProject "PupsAndPlaygrounds" */ = {
			isa = XCConfigurationList;
			buildConfigurations = (
				C4EAE2E11DDF65E20069C15E /* Debug */,
				C4EAE2E21DDF65E20069C15E /* Release */,
			);
			defaultConfigurationIsVisible = 0;
			defaultConfigurationName = Release;
		};
		C4EAE2E31DDF65E20069C15E /* Build configuration list for PBXNativeTarget "PupsAndPlaygrounds" */ = {
			isa = XCConfigurationList;
			buildConfigurations = (
				C4EAE2E41DDF65E20069C15E /* Debug */,
				C4EAE2E51DDF65E20069C15E /* Release */,
			);
			defaultConfigurationIsVisible = 0;
			defaultConfigurationName = Release;
		};
/* End XCConfigurationList section */

/* Begin XCVersionGroup section */
		C4EAE2D81DDF65E20069C15E /* PupsAndPlaygrounds.xcdatamodeld */ = {
			isa = XCVersionGroup;
			children = (
				C4EAE2D91DDF65E20069C15E /* PupsAndPlaygrounds.xcdatamodel */,
			);
			currentVersion = C4EAE2D91DDF65E20069C15E /* PupsAndPlaygrounds.xcdatamodel */;
			path = PupsAndPlaygrounds.xcdatamodeld;
			sourceTree = "<group>";
			versionGroupType = wrapper.xcdatamodel;
		};
/* End XCVersionGroup section */
	};
	rootObject = C4EAE2C61DDF65E20069C15E /* Project object */;
}
