// !$*UTF8*$!
{
	archiveVersion = 1;
	classes = {
	};
	objectVersion = 46;
	objects = {

/* Begin PBXBuildFile section */
		111C1FA245D020DB75ADC880 /* Pods_PupsAndPlaygrounds.framework in Frameworks */ = {isa = PBXBuildFile; fileRef = 58642D101BE829F81A703E2A /* Pods_PupsAndPlaygrounds.framework */; };
		5B215BA11E008F51005FAB1E /* TheLaunchScreen.storyboard in Resources */ = {isa = PBXBuildFile; fileRef = 5B215BA01E008F51005FAB1E /* TheLaunchScreen.storyboard */; };
		6EA3EE3560F8D7CCF450E2B4 /* Pods_PupsAndPlaygrounds.framework in Frameworks */ = {isa = PBXBuildFile; fileRef = 4A9D9D55D8F7A0A1D4605204 /* Pods_PupsAndPlaygrounds.framework */; };
		B5B71FD21DEF705B00CF93B3 /* FeedTableViewCell.swift in Sources */ = {isa = PBXBuildFile; fileRef = B5B71FD11DEF705A00CF93B3 /* FeedTableViewCell.swift */; };
		B5CB82EB1DF86B4800B373B5 /* ReviewView.swift in Sources */ = {isa = PBXBuildFile; fileRef = B5CB82EA1DF86B4800B373B5 /* ReviewView.swift */; };
		B5CB82ED1DF8714D00B373B5 /* ReviewViewController.swift in Sources */ = {isa = PBXBuildFile; fileRef = B5CB82EC1DF8714D00B373B5 /* ReviewViewController.swift */; };
		C405AE131DF0BCD30044D9C8 /* GeoFireMethods.swift in Sources */ = {isa = PBXBuildFile; fileRef = C405AE121DF0BCD30044D9C8 /* GeoFireMethods.swift */; };
		C411BBB21DDF706E0090335B /* GoogleService-Info.plist in Resources */ = {isa = PBXBuildFile; fileRef = C411BBB11DDF706E0090335B /* GoogleService-Info.plist */; };
		C4129E9E1DF577E6009706E6 /* CustomAnnotationView.swift in Sources */ = {isa = PBXBuildFile; fileRef = C4129E9D1DF577E6009706E6 /* CustomAnnotationView.swift */; };
		C4129EA11DF57B66009706E6 /* CustomCalloutView.swift in Sources */ = {isa = PBXBuildFile; fileRef = C4129EA01DF57B66009706E6 /* CustomCalloutView.swift */; };
		C413C4411DDF9A140020F10F /* LoginViewController.swift in Sources */ = {isa = PBXBuildFile; fileRef = C413C4401DDF9A140020F10F /* LoginViewController.swift */; };
		C413C4431DDFB69F0020F10F /* CustomColors.swift in Sources */ = {isa = PBXBuildFile; fileRef = C413C4421DDFB69F0020F10F /* CustomColors.swift */; };
		C413C44C1DDFC4660020F10F /* CustomFonts.swift in Sources */ = {isa = PBXBuildFile; fileRef = C413C44B1DDFC4660020F10F /* CustomFonts.swift */; };
		C4283EB51DF10C570052580A /* CustomAnnotation.swift in Sources */ = {isa = PBXBuildFile; fileRef = C4283EB41DF10C570052580A /* CustomAnnotation.swift */; };
		C4283EB71DF1DD8E0052580A /* ContainerViewController.swift in Sources */ = {isa = PBXBuildFile; fileRef = C4283EB61DF1DD8E0052580A /* ContainerViewController.swift */; };
		C43CB5BF1DFE6C1D00FEF719 /* ListViewTableViewCell.swift in Sources */ = {isa = PBXBuildFile; fileRef = C43CB5BE1DFE6C1D00FEF719 /* ListViewTableViewCell.swift */; };
		C45AB53E1DFF76B3005D3A44 /* JSONSerializer.swift in Sources */ = {isa = PBXBuildFile; fileRef = C45AB53D1DFF76B3005D3A44 /* JSONSerializer.swift */; };
		C4608D331DFF10E500415903 /* FIRClient.swift in Sources */ = {isa = PBXBuildFile; fileRef = C4608D321DFF10E500415903 /* FIRClient.swift */; };
		C4810D1D1DE36EE600A652DB /* UserProfileViewController.swift in Sources */ = {isa = PBXBuildFile; fileRef = C4810D1C1DE36EE600A652DB /* UserProfileViewController.swift */; };
		C4810D1F1DE36F9E00A652DB /* UserProfileView.swift in Sources */ = {isa = PBXBuildFile; fileRef = C4810D1E1DE36F9E00A652DB /* UserProfileView.swift */; };
		C48AA8F21DE4CEFD00646B61 /* ImagePickerView.swift in Sources */ = {isa = PBXBuildFile; fileRef = C48AA8F11DE4CEFD00646B61 /* ImagePickerView.swift */; };
		C492A0D91DFC88CA0063AB0F /* DogRunProfileView.swift in Sources */ = {isa = PBXBuildFile; fileRef = C492A0D81DFC88CA0063AB0F /* DogRunProfileView.swift */; };
		C492A0DD1DFC89750063AB0F /* DogRunViewController.swift in Sources */ = {isa = PBXBuildFile; fileRef = C492A0DC1DFC89750063AB0F /* DogRunViewController.swift */; };
		C49C67811DE77D6D00163CD9 /* MainTabBarController.swift in Sources */ = {isa = PBXBuildFile; fileRef = C49C67801DE77D6D00163CD9 /* MainTabBarController.swift */; };
		C49C67831DE77E0800163CD9 /* FeedViewController.swift in Sources */ = {isa = PBXBuildFile; fileRef = C49C67821DE77E0800163CD9 /* FeedViewController.swift */; };
		C49C6AE11DFCB433007D98AC /* CustomBorder.swift in Sources */ = {isa = PBXBuildFile; fileRef = C49C6AE01DFCB433007D98AC /* CustomBorder.swift */; };
		C49CB6311DFC996B00D6DCBF /* AnonymousUserView.swift in Sources */ = {isa = PBXBuildFile; fileRef = C49CB6301DFC996B00D6DCBF /* AnonymousUserView.swift */; };
		C49CB6341DFC9C2700D6DCBF /* AnyonymousUserViewController.swift in Sources */ = {isa = PBXBuildFile; fileRef = C49CB6331DFC9C2700D6DCBF /* AnyonymousUserViewController.swift */; };
		C4A148E01DFFB8DF00597914 /* UserReviewTableViewCell.swift in Sources */ = {isa = PBXBuildFile; fileRef = C4A148DF1DFFB8DF00597914 /* UserReviewTableViewCell.swift */; };
		C4AEC6211DEDD47E0095DC47 /* FeedView.swift in Sources */ = {isa = PBXBuildFile; fileRef = C4AEC6201DEDD47E0095DC47 /* FeedView.swift */; };
		C4B6ED7D1DEDDF8700F28C04 /* MapView.swift in Sources */ = {isa = PBXBuildFile; fileRef = C4B6ED7C1DEDDF8700F28C04 /* MapView.swift */; };
		C4B6ED7F1DEDEB8D00F28C04 /* ListView.swift in Sources */ = {isa = PBXBuildFile; fileRef = C4B6ED7E1DEDEB8D00F28C04 /* ListView.swift */; };
		C4DECFCB1DE2CCDF001CE1A2 /* CustomTextField.swift in Sources */ = {isa = PBXBuildFile; fileRef = C4DECFCA1DE2CCDF001CE1A2 /* CustomTextField.swift */; };
		C4DECFD11DE2FDB3001CE1A2 /* LoginView.swift in Sources */ = {isa = PBXBuildFile; fileRef = C4DECFD01DE2FDB3001CE1A2 /* LoginView.swift */; };
		C4DECFD31DE3381B001CE1A2 /* CreateAccountViewController.swift in Sources */ = {isa = PBXBuildFile; fileRef = C4DECFD21DE3381B001CE1A2 /* CreateAccountViewController.swift */; };
		C4DECFD51DE33840001CE1A2 /* CreateAccountView.swift in Sources */ = {isa = PBXBuildFile; fileRef = C4DECFD41DE33840001CE1A2 /* CreateAccountView.swift */; };
		C4DECFD81DE34E8C001CE1A2 /* HomeViewController.swift in Sources */ = {isa = PBXBuildFile; fileRef = C4DECFD71DE34E8C001CE1A2 /* HomeViewController.swift */; };
		C4EAE2D21DDF65E20069C15E /* AppDelegate.swift in Sources */ = {isa = PBXBuildFile; fileRef = C4EAE2D11DDF65E20069C15E /* AppDelegate.swift */; };
		C4EAE2DA1DDF65E20069C15E /* PupsAndPlaygrounds.xcdatamodeld in Sources */ = {isa = PBXBuildFile; fileRef = C4EAE2D81DDF65E20069C15E /* PupsAndPlaygrounds.xcdatamodeld */; };
		C4EAE2DC1DDF65E20069C15E /* Assets.xcassets in Resources */ = {isa = PBXBuildFile; fileRef = C4EAE2DB1DDF65E20069C15E /* Assets.xcassets */; };
		C4F09A821DFB0F3700C47F9F /* CustomAnimations.swift in Sources */ = {isa = PBXBuildFile; fileRef = C4F09A811DFB0F3700C47F9F /* CustomAnimations.swift */; };
		C4F09A841DFB188200C47F9F /* FilterView.swift in Sources */ = {isa = PBXBuildFile; fileRef = C4F09A831DFB188200C47F9F /* FilterView.swift */; };
		C4F09A861DFB813C00C47F9F /* DataStore.swift in Sources */ = {isa = PBXBuildFile; fileRef = C4F09A851DFB813C00C47F9F /* DataStore.swift */; };
		E809BA111DE4FF9D00E7BF03 /* User.swift in Sources */ = {isa = PBXBuildFile; fileRef = E809BA101DE4FF9D00E7BF03 /* User.swift */; };
		E813A3A81DECA4BA006D9725 /* LocationsProfileViewController.swift in Sources */ = {isa = PBXBuildFile; fileRef = E813A3A71DECA4BA006D9725 /* LocationsProfileViewController.swift */; };
		E813A3AA1DECA4E4006D9725 /* LocationsProfileView.swift in Sources */ = {isa = PBXBuildFile; fileRef = E813A3A91DECA4E4006D9725 /* LocationsProfileView.swift */; };
		E84199C21DE37E7800522C8A /* dogrunsnyc.json in Resources */ = {isa = PBXBuildFile; fileRef = E84199BF1DE37E7800522C8A /* dogrunsnyc.json */; };
		E84199C41DE37E7800522C8A /* playgroundsnyc.json in Resources */ = {isa = PBXBuildFile; fileRef = E84199C11DE37E7800522C8A /* playgroundsnyc.json */; };
		E84199C61DE37E8F00522C8A /* FirebaseData.swift in Sources */ = {isa = PBXBuildFile; fileRef = E84199C51DE37E8F00522C8A /* FirebaseData.swift */; };
		E84199CA1DE37EB000522C8A /* Locations.swift in Sources */ = {isa = PBXBuildFile; fileRef = E84199C81DE37EB000522C8A /* Locations.swift */; };
		E84199D11DE38FE400522C8A /* Review.swift in Sources */ = {isa = PBXBuildFile; fileRef = E84199D01DE38FE400522C8A /* Review.swift */; };
		E87758A21DF8701200823089 /* ReviewsTableViewCell.swift in Sources */ = {isa = PBXBuildFile; fileRef = E87758A11DF8701200823089 /* ReviewsTableViewCell.swift */; };
		E89EE2141DEE141B00CAEACF /* Secrets.swift in Sources */ = {isa = PBXBuildFile; fileRef = E89EE2131DEE141B00CAEACF /* Secrets.swift */; };
		E8F00C8F1DF0B7E800013BF0 /* StarReview.swift in Sources */ = {isa = PBXBuildFile; fileRef = E8F00C8E1DF0B7E800013BF0 /* StarReview.swift */; };
/* End PBXBuildFile section */

/* Begin PBXFileReference section */
		06127B45D1FA197E42D189AB /* Pods-PupsAndPlaygrounds.debug.xcconfig */ = {isa = PBXFileReference; includeInIndex = 1; lastKnownFileType = text.xcconfig; name = "Pods-PupsAndPlaygrounds.debug.xcconfig"; path = "Pods/Target Support Files/Pods-PupsAndPlaygrounds/Pods-PupsAndPlaygrounds.debug.xcconfig"; sourceTree = "<group>"; };
		4A9D9D55D8F7A0A1D4605204 /* Pods_PupsAndPlaygrounds.framework */ = {isa = PBXFileReference; explicitFileType = wrapper.framework; includeInIndex = 0; path = Pods_PupsAndPlaygrounds.framework; sourceTree = BUILT_PRODUCTS_DIR; };
		58642D101BE829F81A703E2A /* Pods_PupsAndPlaygrounds.framework */ = {isa = PBXFileReference; explicitFileType = wrapper.framework; includeInIndex = 0; path = Pods_PupsAndPlaygrounds.framework; sourceTree = BUILT_PRODUCTS_DIR; };
		5B215BA01E008F51005FAB1E /* TheLaunchScreen.storyboard */ = {isa = PBXFileReference; fileEncoding = 4; lastKnownFileType = file.storyboard; path = TheLaunchScreen.storyboard; sourceTree = "<group>"; };
		B5B71FD11DEF705A00CF93B3 /* FeedTableViewCell.swift */ = {isa = PBXFileReference; fileEncoding = 4; lastKnownFileType = sourcecode.swift; path = FeedTableViewCell.swift; sourceTree = "<group>"; };
		B5CB82EA1DF86B4800B373B5 /* ReviewView.swift */ = {isa = PBXFileReference; fileEncoding = 4; lastKnownFileType = sourcecode.swift; path = ReviewView.swift; sourceTree = "<group>"; };
		B5CB82EC1DF8714D00B373B5 /* ReviewViewController.swift */ = {isa = PBXFileReference; fileEncoding = 4; lastKnownFileType = sourcecode.swift; path = ReviewViewController.swift; sourceTree = "<group>"; };
		C405AE121DF0BCD30044D9C8 /* GeoFireMethods.swift */ = {isa = PBXFileReference; fileEncoding = 4; lastKnownFileType = sourcecode.swift; name = GeoFireMethods.swift; path = PupsAndPlaygrounds/GeoFireMethods.swift; sourceTree = "<group>"; };
		C411BBB11DDF706E0090335B /* GoogleService-Info.plist */ = {isa = PBXFileReference; fileEncoding = 4; lastKnownFileType = text.plist.xml; path = "GoogleService-Info.plist"; sourceTree = "<group>"; };
		C4129E9D1DF577E6009706E6 /* CustomAnnotationView.swift */ = {isa = PBXFileReference; fileEncoding = 4; lastKnownFileType = sourcecode.swift; path = CustomAnnotationView.swift; sourceTree = "<group>"; };
		C4129EA01DF57B66009706E6 /* CustomCalloutView.swift */ = {isa = PBXFileReference; fileEncoding = 4; lastKnownFileType = sourcecode.swift; path = CustomCalloutView.swift; sourceTree = "<group>"; };
		C413C4401DDF9A140020F10F /* LoginViewController.swift */ = {isa = PBXFileReference; fileEncoding = 4; lastKnownFileType = sourcecode.swift; path = LoginViewController.swift; sourceTree = "<group>"; };
		C413C4421DDFB69F0020F10F /* CustomColors.swift */ = {isa = PBXFileReference; fileEncoding = 4; lastKnownFileType = sourcecode.swift; path = CustomColors.swift; sourceTree = "<group>"; };
		C413C44B1DDFC4660020F10F /* CustomFonts.swift */ = {isa = PBXFileReference; fileEncoding = 4; lastKnownFileType = sourcecode.swift; path = CustomFonts.swift; sourceTree = "<group>"; };
		C4283EB41DF10C570052580A /* CustomAnnotation.swift */ = {isa = PBXFileReference; fileEncoding = 4; lastKnownFileType = sourcecode.swift; path = CustomAnnotation.swift; sourceTree = "<group>"; };
		C4283EB61DF1DD8E0052580A /* ContainerViewController.swift */ = {isa = PBXFileReference; fileEncoding = 4; lastKnownFileType = sourcecode.swift; path = ContainerViewController.swift; sourceTree = "<group>"; };
		C432CCA91DEC849F003C0686 /* PupsAndPlaygrounds.entitlements */ = {isa = PBXFileReference; lastKnownFileType = text.plist.entitlements; path = PupsAndPlaygrounds.entitlements; sourceTree = "<group>"; };
		C43CB5BE1DFE6C1D00FEF719 /* ListViewTableViewCell.swift */ = {isa = PBXFileReference; fileEncoding = 4; lastKnownFileType = sourcecode.swift; path = ListViewTableViewCell.swift; sourceTree = "<group>"; };
		C45AB53D1DFF76B3005D3A44 /* JSONSerializer.swift */ = {isa = PBXFileReference; fileEncoding = 4; lastKnownFileType = sourcecode.swift; path = JSONSerializer.swift; sourceTree = "<group>"; };
		C4608D321DFF10E500415903 /* FIRClient.swift */ = {isa = PBXFileReference; fileEncoding = 4; lastKnownFileType = sourcecode.swift; name = FIRClient.swift; path = PupsAndPlaygrounds/FIRClient.swift; sourceTree = "<group>"; };
		C4810D1C1DE36EE600A652DB /* UserProfileViewController.swift */ = {isa = PBXFileReference; fileEncoding = 4; lastKnownFileType = sourcecode.swift; path = UserProfileViewController.swift; sourceTree = "<group>"; };
		C4810D1E1DE36F9E00A652DB /* UserProfileView.swift */ = {isa = PBXFileReference; fileEncoding = 4; lastKnownFileType = sourcecode.swift; path = UserProfileView.swift; sourceTree = "<group>"; };
		C48AA8F11DE4CEFD00646B61 /* ImagePickerView.swift */ = {isa = PBXFileReference; fileEncoding = 4; lastKnownFileType = sourcecode.swift; path = ImagePickerView.swift; sourceTree = "<group>"; };
		C492A0D81DFC88CA0063AB0F /* DogRunProfileView.swift */ = {isa = PBXFileReference; fileEncoding = 4; lastKnownFileType = sourcecode.swift; path = DogRunProfileView.swift; sourceTree = "<group>"; };
		C492A0DC1DFC89750063AB0F /* DogRunViewController.swift */ = {isa = PBXFileReference; fileEncoding = 4; lastKnownFileType = sourcecode.swift; path = DogRunViewController.swift; sourceTree = "<group>"; };
		C49C67801DE77D6D00163CD9 /* MainTabBarController.swift */ = {isa = PBXFileReference; fileEncoding = 4; lastKnownFileType = sourcecode.swift; path = MainTabBarController.swift; sourceTree = "<group>"; };
		C49C67821DE77E0800163CD9 /* FeedViewController.swift */ = {isa = PBXFileReference; fileEncoding = 4; lastKnownFileType = sourcecode.swift; path = FeedViewController.swift; sourceTree = "<group>"; };
		C49C6AE01DFCB433007D98AC /* CustomBorder.swift */ = {isa = PBXFileReference; fileEncoding = 4; lastKnownFileType = sourcecode.swift; path = CustomBorder.swift; sourceTree = "<group>"; };
		C49CB6301DFC996B00D6DCBF /* AnonymousUserView.swift */ = {isa = PBXFileReference; fileEncoding = 4; lastKnownFileType = sourcecode.swift; path = AnonymousUserView.swift; sourceTree = "<group>"; };
		C49CB6331DFC9C2700D6DCBF /* AnyonymousUserViewController.swift */ = {isa = PBXFileReference; fileEncoding = 4; lastKnownFileType = sourcecode.swift; path = AnyonymousUserViewController.swift; sourceTree = "<group>"; };
		C4A148DF1DFFB8DF00597914 /* UserReviewTableViewCell.swift */ = {isa = PBXFileReference; fileEncoding = 4; lastKnownFileType = sourcecode.swift; path = UserReviewTableViewCell.swift; sourceTree = "<group>"; };
		C4AEC6201DEDD47E0095DC47 /* FeedView.swift */ = {isa = PBXFileReference; fileEncoding = 4; lastKnownFileType = sourcecode.swift; path = FeedView.swift; sourceTree = "<group>"; };
		C4B6ED7C1DEDDF8700F28C04 /* MapView.swift */ = {isa = PBXFileReference; fileEncoding = 4; lastKnownFileType = sourcecode.swift; path = MapView.swift; sourceTree = "<group>"; };
		C4B6ED7E1DEDEB8D00F28C04 /* ListView.swift */ = {isa = PBXFileReference; fileEncoding = 4; lastKnownFileType = sourcecode.swift; path = ListView.swift; sourceTree = "<group>"; };
		C4DECFCA1DE2CCDF001CE1A2 /* CustomTextField.swift */ = {isa = PBXFileReference; fileEncoding = 4; lastKnownFileType = sourcecode.swift; path = CustomTextField.swift; sourceTree = "<group>"; };
		C4DECFD01DE2FDB3001CE1A2 /* LoginView.swift */ = {isa = PBXFileReference; fileEncoding = 4; lastKnownFileType = sourcecode.swift; path = LoginView.swift; sourceTree = "<group>"; };
		C4DECFD21DE3381B001CE1A2 /* CreateAccountViewController.swift */ = {isa = PBXFileReference; fileEncoding = 4; lastKnownFileType = sourcecode.swift; path = CreateAccountViewController.swift; sourceTree = "<group>"; };
		C4DECFD41DE33840001CE1A2 /* CreateAccountView.swift */ = {isa = PBXFileReference; fileEncoding = 4; lastKnownFileType = sourcecode.swift; path = CreateAccountView.swift; sourceTree = "<group>"; };
		C4DECFD71DE34E8C001CE1A2 /* HomeViewController.swift */ = {isa = PBXFileReference; fileEncoding = 4; lastKnownFileType = sourcecode.swift; path = HomeViewController.swift; sourceTree = "<group>"; };
		C4EAE2CE1DDF65E20069C15E /* PupsAndPlaygrounds.app */ = {isa = PBXFileReference; explicitFileType = wrapper.application; includeInIndex = 0; path = PupsAndPlaygrounds.app; sourceTree = BUILT_PRODUCTS_DIR; };
		C4EAE2D11DDF65E20069C15E /* AppDelegate.swift */ = {isa = PBXFileReference; lastKnownFileType = sourcecode.swift; path = AppDelegate.swift; sourceTree = "<group>"; };
		C4EAE2D91DDF65E20069C15E /* PupsAndPlaygrounds.xcdatamodel */ = {isa = PBXFileReference; lastKnownFileType = wrapper.xcdatamodel; path = PupsAndPlaygrounds.xcdatamodel; sourceTree = "<group>"; };
		C4EAE2DB1DDF65E20069C15E /* Assets.xcassets */ = {isa = PBXFileReference; lastKnownFileType = folder.assetcatalog; path = Assets.xcassets; sourceTree = "<group>"; };
		C4EAE2E01DDF65E20069C15E /* Info.plist */ = {isa = PBXFileReference; lastKnownFileType = text.plist.xml; path = Info.plist; sourceTree = "<group>"; };
		C4F09A811DFB0F3700C47F9F /* CustomAnimations.swift */ = {isa = PBXFileReference; fileEncoding = 4; lastKnownFileType = sourcecode.swift; path = CustomAnimations.swift; sourceTree = "<group>"; };
		C4F09A831DFB188200C47F9F /* FilterView.swift */ = {isa = PBXFileReference; fileEncoding = 4; lastKnownFileType = sourcecode.swift; path = FilterView.swift; sourceTree = "<group>"; };
		C4F09A851DFB813C00C47F9F /* DataStore.swift */ = {isa = PBXFileReference; fileEncoding = 4; lastKnownFileType = sourcecode.swift; name = DataStore.swift; path = PupsAndPlaygrounds/DataStore.swift; sourceTree = "<group>"; };
		DE3F3980132B9AA038E051E8 /* Pods-PupsAndPlaygrounds.release.xcconfig */ = {isa = PBXFileReference; includeInIndex = 1; lastKnownFileType = text.xcconfig; name = "Pods-PupsAndPlaygrounds.release.xcconfig"; path = "Pods/Target Support Files/Pods-PupsAndPlaygrounds/Pods-PupsAndPlaygrounds.release.xcconfig"; sourceTree = "<group>"; };
		E809BA101DE4FF9D00E7BF03 /* User.swift */ = {isa = PBXFileReference; fileEncoding = 4; lastKnownFileType = sourcecode.swift; path = User.swift; sourceTree = "<group>"; };
		E813A3A71DECA4BA006D9725 /* LocationsProfileViewController.swift */ = {isa = PBXFileReference; fileEncoding = 4; lastKnownFileType = sourcecode.swift; path = LocationsProfileViewController.swift; sourceTree = "<group>"; };
		E813A3A91DECA4E4006D9725 /* LocationsProfileView.swift */ = {isa = PBXFileReference; fileEncoding = 4; lastKnownFileType = sourcecode.swift; path = LocationsProfileView.swift; sourceTree = "<group>"; };
		E84199BF1DE37E7800522C8A /* dogrunsnyc.json */ = {isa = PBXFileReference; fileEncoding = 4; lastKnownFileType = text.json; name = dogrunsnyc.json; path = PupsAndPlaygrounds/dogrunsnyc.json; sourceTree = "<group>"; };
		E84199C11DE37E7800522C8A /* playgroundsnyc.json */ = {isa = PBXFileReference; fileEncoding = 4; lastKnownFileType = text.json; name = playgroundsnyc.json; path = PupsAndPlaygrounds/playgroundsnyc.json; sourceTree = "<group>"; };
		E84199C51DE37E8F00522C8A /* FirebaseData.swift */ = {isa = PBXFileReference; fileEncoding = 4; lastKnownFileType = sourcecode.swift; name = FirebaseData.swift; path = PupsAndPlaygrounds/FirebaseData.swift; sourceTree = "<group>"; };
		E84199C81DE37EB000522C8A /* Locations.swift */ = {isa = PBXFileReference; fileEncoding = 4; lastKnownFileType = sourcecode.swift; path = Locations.swift; sourceTree = "<group>"; };
		E84199D01DE38FE400522C8A /* Review.swift */ = {isa = PBXFileReference; fileEncoding = 4; lastKnownFileType = sourcecode.swift; path = Review.swift; sourceTree = "<group>"; };
		E87758A11DF8701200823089 /* ReviewsTableViewCell.swift */ = {isa = PBXFileReference; fileEncoding = 4; lastKnownFileType = sourcecode.swift; path = ReviewsTableViewCell.swift; sourceTree = "<group>"; };
		E89EE2131DEE141B00CAEACF /* Secrets.swift */ = {isa = PBXFileReference; fileEncoding = 4; lastKnownFileType = sourcecode.swift; path = Secrets.swift; sourceTree = "<group>"; };
		E8F00C8E1DF0B7E800013BF0 /* StarReview.swift */ = {isa = PBXFileReference; fileEncoding = 4; lastKnownFileType = sourcecode.swift; path = StarReview.swift; sourceTree = "<group>"; };
/* End PBXFileReference section */

/* Begin PBXFrameworksBuildPhase section */
		C4EAE2CB1DDF65E20069C15E /* Frameworks */ = {
			isa = PBXFrameworksBuildPhase;
			buildActionMask = 2147483647;
			files = (
				6EA3EE3560F8D7CCF450E2B4 /* Pods_PupsAndPlaygrounds.framework in Frameworks */,
				111C1FA245D020DB75ADC880 /* Pods_PupsAndPlaygrounds.framework in Frameworks */,
			);
			runOnlyForDeploymentPostprocessing = 0;
		};
/* End PBXFrameworksBuildPhase section */

/* Begin PBXGroup section */
		1A93AF457E22AB4CBB528074 /* Frameworks */ = {
			isa = PBXGroup;
			children = (
				58642D101BE829F81A703E2A /* Pods_PupsAndPlaygrounds.framework */,
			);
			name = Frameworks;
			sourceTree = "<group>";
		};
		3AAC3F68BDE70F5034EFD53D /* Frameworks */ = {
			isa = PBXGroup;
			children = (
				4A9D9D55D8F7A0A1D4605204 /* Pods_PupsAndPlaygrounds.framework */,
			);
			name = Frameworks;
			sourceTree = "<group>";
		};
		9BF12558C8182FC9BC2B515A /* Pods */ = {
			isa = PBXGroup;
			children = (
				3AAC3F68BDE70F5034EFD53D /* Frameworks */,
				06127B45D1FA197E42D189AB /* Pods-PupsAndPlaygrounds.debug.xcconfig */,
				DE3F3980132B9AA038E051E8 /* Pods-PupsAndPlaygrounds.release.xcconfig */,
			);
			name = Pods;
			sourceTree = "<group>";
		};
		C413C4441DDFB9C40020F10F /* Model */ = {
			isa = PBXGroup;
			children = (
				E84199D01DE38FE400522C8A /* Review.swift */,
				E84199C81DE37EB000522C8A /* Locations.swift */,
				E809BA101DE4FF9D00E7BF03 /* User.swift */,
				C4283EB41DF10C570052580A /* CustomAnnotation.swift */,
				C4EAE2D81DDF65E20069C15E /* PupsAndPlaygrounds.xcdatamodeld */,
				5B215BA01E008F51005FAB1E /* TheLaunchScreen.storyboard */,
			);
			name = Model;
			sourceTree = "<group>";
		};
		C413C4451DDFB9C90020F10F /* View */ = {
			isa = PBXGroup;
			children = (
				C492A0DE1DFC95B10063AB0F /* Onboard */,
				C492A0DF1DFC95BD0063AB0F /* Home View */,
				E813A3A91DECA4E4006D9725 /* LocationsProfileView.swift */,
				C492A0D81DFC88CA0063AB0F /* DogRunProfileView.swift */,
				C4AEC6201DEDD47E0095DC47 /* FeedView.swift */,
				C4810D1E1DE36F9E00A652DB /* UserProfileView.swift */,
				C49CB6301DFC996B00D6DCBF /* AnonymousUserView.swift */,
				B5CB82EA1DF86B4800B373B5 /* ReviewView.swift */,
				C48AA8F11DE4CEFD00646B61 /* ImagePickerView.swift */,
				C492A0E41DFC963D0063AB0F /* Custom Elements */,
				C4EAE2DB1DDF65E20069C15E /* Assets.xcassets */,
				C4A148DE1DFFAEC900597914 /* New Group */,
			);
			name = View;
			sourceTree = "<group>";
		};
		C413C4461DDFB9CE0020F10F /* Controller */ = {
			isa = PBXGroup;
			children = (
				C492A0E01DFC95D60063AB0F /* Managers */,
				C492A0E11DFC95EF0063AB0F /* Onboard */,
				C492A0E21DFC95FD0063AB0F /* Main App */,
				B5CB82EC1DF8714D00B373B5 /* ReviewViewController.swift */,
				E813A3A71DECA4BA006D9725 /* LocationsProfileViewController.swift */,
				C492A0DC1DFC89750063AB0F /* DogRunViewController.swift */,
			);
			name = Controller;
			sourceTree = "<group>";
		};
		C413C4471DDFB9DC0020F10F /* Extensions */ = {
			isa = PBXGroup;
			children = (
				E8F00C8E1DF0B7E800013BF0 /* StarReview.swift */,
				C413C4421DDFB69F0020F10F /* CustomColors.swift */,
				C413C44B1DDFC4660020F10F /* CustomFonts.swift */,
				C4F09A811DFB0F3700C47F9F /* CustomAnimations.swift */,
			);
			name = Extensions;
			sourceTree = "<group>";
		};
		C413C4481DDFBA360020F10F /* Other */ = {
			isa = PBXGroup;
			children = (
				E89EE2131DEE141B00CAEACF /* Secrets.swift */,
				C413C4471DDFB9DC0020F10F /* Extensions */,
				C4DECFD61DE3474C001CE1A2 /* Property List */,
				C486C0621DF7927D0093132D /* Entitlements */,
			);
			name = Other;
			sourceTree = "<group>";
		};
		C4608D341DFF504800415903 /* Annotations */ = {
			isa = PBXGroup;
			children = (
				C4129E9D1DF577E6009706E6 /* CustomAnnotationView.swift */,
				C4129EA01DF57B66009706E6 /* CustomCalloutView.swift */,
			);
			name = Annotations;
			sourceTree = "<group>";
		};
		C4608D351DFF506900415903 /* General */ = {
			isa = PBXGroup;
			children = (
				C49C6AE01DFCB433007D98AC /* CustomBorder.swift */,
				C4DECFCA1DE2CCDF001CE1A2 /* CustomTextField.swift */,
			);
			name = General;
			sourceTree = "<group>";
		};
		C4608D361DFF507400415903 /* Table View Cells */ = {
			isa = PBXGroup;
			children = (
				C43CB5BE1DFE6C1D00FEF719 /* ListViewTableViewCell.swift */,
				B5B71FD11DEF705A00CF93B3 /* FeedTableViewCell.swift */,
				E87758A11DF8701200823089 /* ReviewsTableViewCell.swift */,
				C4A148DF1DFFB8DF00597914 /* UserReviewTableViewCell.swift */,
			);
			name = "Table View Cells";
			sourceTree = "<group>";
		};
		C486C0621DF7927D0093132D /* Entitlements */ = {
			isa = PBXGroup;
			children = (
				C432CCA91DEC849F003C0686 /* PupsAndPlaygrounds.entitlements */,
			);
			name = Entitlements;
			sourceTree = "<group>";
		};
		C492A0DE1DFC95B10063AB0F /* Onboard */ = {
			isa = PBXGroup;
			children = (
				C4DECFD01DE2FDB3001CE1A2 /* LoginView.swift */,
				C4DECFD41DE33840001CE1A2 /* CreateAccountView.swift */,
			);
			name = Onboard;
			sourceTree = "<group>";
		};
		C492A0DF1DFC95BD0063AB0F /* Home View */ = {
			isa = PBXGroup;
			children = (
				C4B6ED7C1DEDDF8700F28C04 /* MapView.swift */,
				C4B6ED7E1DEDEB8D00F28C04 /* ListView.swift */,
				C4F09A831DFB188200C47F9F /* FilterView.swift */,
			);
			name = "Home View";
			sourceTree = "<group>";
		};
		C492A0E01DFC95D60063AB0F /* Managers */ = {
			isa = PBXGroup;
			children = (
				C4EAE2D11DDF65E20069C15E /* AppDelegate.swift */,
				C4283EB61DF1DD8E0052580A /* ContainerViewController.swift */,
			);
			name = Managers;
			sourceTree = "<group>";
		};
		C492A0E11DFC95EF0063AB0F /* Onboard */ = {
			isa = PBXGroup;
			children = (
				C413C4401DDF9A140020F10F /* LoginViewController.swift */,
				C4DECFD21DE3381B001CE1A2 /* CreateAccountViewController.swift */,
			);
			name = Onboard;
			sourceTree = "<group>";
		};
		C492A0E21DFC95FD0063AB0F /* Main App */ = {
			isa = PBXGroup;
			children = (
				C49C67801DE77D6D00163CD9 /* MainTabBarController.swift */,
				C492A0E31DFC96120063AB0F /* Tab Bar View Controllers */,
			);
			name = "Main App";
			sourceTree = "<group>";
		};
		C492A0E31DFC96120063AB0F /* Tab Bar View Controllers */ = {
			isa = PBXGroup;
			children = (
				C4DECFD71DE34E8C001CE1A2 /* HomeViewController.swift */,
				C49C67821DE77E0800163CD9 /* FeedViewController.swift */,
				C4810D1C1DE36EE600A652DB /* UserProfileViewController.swift */,
				C49CB6331DFC9C2700D6DCBF /* AnyonymousUserViewController.swift */,
			);
			name = "Tab Bar View Controllers";
			sourceTree = "<group>";
		};
		C492A0E41DFC963D0063AB0F /* Custom Elements */ = {
			isa = PBXGroup;
			children = (
				C4608D341DFF504800415903 /* Annotations */,
				C4608D351DFF506900415903 /* General */,
				C4608D361DFF507400415903 /* Table View Cells */,
			);
			name = "Custom Elements";
			sourceTree = "<group>";
		};
		C4A148DE1DFFAEC900597914 /* New Group */ = {
			isa = PBXGroup;
			children = (
			);
			name = "New Group";
			sourceTree = "<group>";
		};
		C4DECFD61DE3474C001CE1A2 /* Property List */ = {
			isa = PBXGroup;
			children = (
				C4EAE2E01DDF65E20069C15E /* Info.plist */,
				C411BBB11DDF706E0090335B /* GoogleService-Info.plist */,
			);
			name = "Property List";
			sourceTree = "<group>";
		};
		C4EAE2C51DDF65E20069C15E = {
			isa = PBXGroup;
			children = (
				C4EAE2D01DDF65E20069C15E /* PupsAndPlaygrounds */,
				C4EAE2CF1DDF65E20069C15E /* Products */,
				9BF12558C8182FC9BC2B515A /* Pods */,
				1A93AF457E22AB4CBB528074 /* Frameworks */,
			);
			sourceTree = "<group>";
		};
		C4EAE2CF1DDF65E20069C15E /* Products */ = {
			isa = PBXGroup;
			children = (
				C4EAE2CE1DDF65E20069C15E /* PupsAndPlaygrounds.app */,
			);
			name = Products;
			sourceTree = "<group>";
		};
		C4EAE2D01DDF65E20069C15E /* PupsAndPlaygrounds */ = {
			isa = PBXGroup;
			children = (
				C413C4441DDFB9C40020F10F /* Model */,
				C413C4451DDFB9C90020F10F /* View */,
				C413C4461DDFB9CE0020F10F /* Controller */,
				E84199BE1DE37E5100522C8A /* Data */,
				C413C4481DDFBA360020F10F /* Other */,
			);
			path = PupsAndPlaygrounds;
			sourceTree = "<group>";
		};
		E84199BE1DE37E5100522C8A /* Data */ = {
			isa = PBXGroup;
			children = (
				E84199C51DE37E8F00522C8A /* FirebaseData.swift */,
				C405AE121DF0BCD30044D9C8 /* GeoFireMethods.swift */,
				C4608D321DFF10E500415903 /* FIRClient.swift */,
				C45AB53D1DFF76B3005D3A44 /* JSONSerializer.swift */,
				C4F09A851DFB813C00C47F9F /* DataStore.swift */,
				E84199BF1DE37E7800522C8A /* dogrunsnyc.json */,
				E84199C11DE37E7800522C8A /* playgroundsnyc.json */,
			);
			name = Data;
			path = ..;
			sourceTree = "<group>";
		};
/* End PBXGroup section */

/* Begin PBXNativeTarget section */
		C4EAE2CD1DDF65E20069C15E /* PupsAndPlaygrounds */ = {
			isa = PBXNativeTarget;
			buildConfigurationList = C4EAE2E31DDF65E20069C15E /* Build configuration list for PBXNativeTarget "PupsAndPlaygrounds" */;
			buildPhases = (
				EA21A31D217C9634D61596FC /* [CP] Check Pods Manifest.lock */,
				C4EAE2CA1DDF65E20069C15E /* Sources */,
				C4EAE2CB1DDF65E20069C15E /* Frameworks */,
				C4EAE2CC1DDF65E20069C15E /* Resources */,
				94BA418E71767B692A5E2C7A /* [CP] Embed Pods Frameworks */,
				02278551F2BF7FC517AEA22E /* [CP] Copy Pods Resources */,
			);
			buildRules = (
			);
			dependencies = (
			);
			name = PupsAndPlaygrounds;
			productName = PupsAndPlaygrounds;
			productReference = C4EAE2CE1DDF65E20069C15E /* PupsAndPlaygrounds.app */;
			productType = "com.apple.product-type.application";
		};
/* End PBXNativeTarget section */

/* Begin PBXProject section */
		C4EAE2C61DDF65E20069C15E /* Project object */ = {
			isa = PBXProject;
			attributes = {
				LastSwiftUpdateCheck = 0810;
				LastUpgradeCheck = 0810;
				ORGANIZATIONNAME = "Flatiron School";
				TargetAttributes = {
					C4EAE2CD1DDF65E20069C15E = {
						CreatedOnToolsVersion = 8.1;
						DevelopmentTeam = KXY9EDFTF5;
						ProvisioningStyle = Automatic;
						SystemCapabilities = {
							com.apple.Keychain = {
								enabled = 1;
							};
						};
					};
				};
			};
			buildConfigurationList = C4EAE2C91DDF65E20069C15E /* Build configuration list for PBXProject "PupsAndPlaygrounds" */;
			compatibilityVersion = "Xcode 3.2";
			developmentRegion = English;
			hasScannedForEncodings = 0;
			knownRegions = (
				en,
				Base,
			);
			mainGroup = C4EAE2C51DDF65E20069C15E;
			productRefGroup = C4EAE2CF1DDF65E20069C15E /* Products */;
			projectDirPath = "";
			projectRoot = "";
			targets = (
				C4EAE2CD1DDF65E20069C15E /* PupsAndPlaygrounds */,
			);
		};
/* End PBXProject section */

/* Begin PBXResourcesBuildPhase section */
		C4EAE2CC1DDF65E20069C15E /* Resources */ = {
			isa = PBXResourcesBuildPhase;
			buildActionMask = 2147483647;
			files = (
				E84199C41DE37E7800522C8A /* playgroundsnyc.json in Resources */,
				5B215BA11E008F51005FAB1E /* TheLaunchScreen.storyboard in Resources */,
				C411BBB21DDF706E0090335B /* GoogleService-Info.plist in Resources */,
				C4EAE2DC1DDF65E20069C15E /* Assets.xcassets in Resources */,
				E84199C21DE37E7800522C8A /* dogrunsnyc.json in Resources */,
			);
			runOnlyForDeploymentPostprocessing = 0;
		};
/* End PBXResourcesBuildPhase section */

/* Begin PBXShellScriptBuildPhase section */
		02278551F2BF7FC517AEA22E /* [CP] Copy Pods Resources */ = {
			isa = PBXShellScriptBuildPhase;
			buildActionMask = 2147483647;
			files = (
			);
			inputPaths = (
			);
			name = "[CP] Copy Pods Resources";
			outputPaths = (
			);
			runOnlyForDeploymentPostprocessing = 0;
			shellPath = /bin/sh;
			shellScript = "\"${SRCROOT}/Pods/Target Support Files/Pods-PupsAndPlaygrounds/Pods-PupsAndPlaygrounds-resources.sh\"\n";
			showEnvVarsInLog = 0;
		};
		94BA418E71767B692A5E2C7A /* [CP] Embed Pods Frameworks */ = {
			isa = PBXShellScriptBuildPhase;
			buildActionMask = 2147483647;
			files = (
			);
			inputPaths = (
			);
			name = "[CP] Embed Pods Frameworks";
			outputPaths = (
			);
			runOnlyForDeploymentPostprocessing = 0;
			shellPath = /bin/sh;
			shellScript = "\"${SRCROOT}/Pods/Target Support Files/Pods-PupsAndPlaygrounds/Pods-PupsAndPlaygrounds-frameworks.sh\"\n";
			showEnvVarsInLog = 0;
		};
		EA21A31D217C9634D61596FC /* [CP] Check Pods Manifest.lock */ = {
			isa = PBXShellScriptBuildPhase;
			buildActionMask = 2147483647;
			files = (
			);
			inputPaths = (
			);
			name = "[CP] Check Pods Manifest.lock";
			outputPaths = (
			);
			runOnlyForDeploymentPostprocessing = 0;
			shellPath = /bin/sh;
			shellScript = "diff \"${PODS_ROOT}/../Podfile.lock\" \"${PODS_ROOT}/Manifest.lock\" > /dev/null\nif [ $? != 0 ] ; then\n    # print error to STDERR\n    echo \"error: The sandbox is not in sync with the Podfile.lock. Run 'pod install' or update your CocoaPods installation.\" >&2\n    exit 1\nfi\n";
			showEnvVarsInLog = 0;
		};
/* End PBXShellScriptBuildPhase section */

/* Begin PBXSourcesBuildPhase section */
		C4EAE2CA1DDF65E20069C15E /* Sources */ = {
			isa = PBXSourcesBuildPhase;
			buildActionMask = 2147483647;
			files = (
				C413C4411DDF9A140020F10F /* LoginViewController.swift in Sources */,
				C492A0D91DFC88CA0063AB0F /* DogRunProfileView.swift in Sources */,
				B5CB82ED1DF8714D00B373B5 /* ReviewViewController.swift in Sources */,
				E84199D11DE38FE400522C8A /* Review.swift in Sources */,
				C4810D1F1DE36F9E00A652DB /* UserProfileView.swift in Sources */,
				E813A3A81DECA4BA006D9725 /* LocationsProfileViewController.swift in Sources */,
				C405AE131DF0BCD30044D9C8 /* GeoFireMethods.swift in Sources */,
				C4F09A821DFB0F3700C47F9F /* CustomAnimations.swift in Sources */,
				C49CB6341DFC9C2700D6DCBF /* AnyonymousUserViewController.swift in Sources */,
				C4608D331DFF10E500415903 /* FIRClient.swift in Sources */,
				C49CB6311DFC996B00D6DCBF /* AnonymousUserView.swift in Sources */,
				E84199C61DE37E8F00522C8A /* FirebaseData.swift in Sources */,
				C43CB5BF1DFE6C1D00FEF719 /* ListViewTableViewCell.swift in Sources */,
				C4283EB51DF10C570052580A /* CustomAnnotation.swift in Sources */,
				C4DECFD11DE2FDB3001CE1A2 /* LoginView.swift in Sources */,
				C4129EA11DF57B66009706E6 /* CustomCalloutView.swift in Sources */,
				E8F00C8F1DF0B7E800013BF0 /* StarReview.swift in Sources */,
				C4B6ED7D1DEDDF8700F28C04 /* MapView.swift in Sources */,
				C45AB53E1DFF76B3005D3A44 /* JSONSerializer.swift in Sources */,
				C4EAE2D21DDF65E20069C15E /* AppDelegate.swift in Sources */,
				C4F09A861DFB813C00C47F9F /* DataStore.swift in Sources */,
				E89EE2141DEE141B00CAEACF /* Secrets.swift in Sources */,
				C49C67811DE77D6D00163CD9 /* MainTabBarController.swift in Sources */,
				E84199CA1DE37EB000522C8A /* Locations.swift in Sources */,
				C4AEC6211DEDD47E0095DC47 /* FeedView.swift in Sources */,
				C492A0DD1DFC89750063AB0F /* DogRunViewController.swift in Sources */,
				E809BA111DE4FF9D00E7BF03 /* User.swift in Sources */,
				C48AA8F21DE4CEFD00646B61 /* ImagePickerView.swift in Sources */,
				C4DECFD51DE33840001CE1A2 /* CreateAccountView.swift in Sources */,
				C4DECFCB1DE2CCDF001CE1A2 /* CustomTextField.swift in Sources */,
				B5B71FD21DEF705B00CF93B3 /* FeedTableViewCell.swift in Sources */,
				C4810D1D1DE36EE600A652DB /* UserProfileViewController.swift in Sources */,
				C4129E9E1DF577E6009706E6 /* CustomAnnotationView.swift in Sources */,
				C4F09A841DFB188200C47F9F /* FilterView.swift in Sources */,
				C4DECFD81DE34E8C001CE1A2 /* HomeViewController.swift in Sources */,
				C4283EB71DF1DD8E0052580A /* ContainerViewController.swift in Sources */,
				B5CB82EB1DF86B4800B373B5 /* ReviewView.swift in Sources */,
				C4DECFD31DE3381B001CE1A2 /* CreateAccountViewController.swift in Sources */,
				E87758A21DF8701200823089 /* ReviewsTableViewCell.swift in Sources */,
				C413C44C1DDFC4660020F10F /* CustomFonts.swift in Sources */,
				C413C4431DDFB69F0020F10F /* CustomColors.swift in Sources */,
				C4B6ED7F1DEDEB8D00F28C04 /* ListView.swift in Sources */,
				C49C67831DE77E0800163CD9 /* FeedViewController.swift in Sources */,
				C4A148E01DFFB8DF00597914 /* UserReviewTableViewCell.swift in Sources */,
				C4EAE2DA1DDF65E20069C15E /* PupsAndPlaygrounds.xcdatamodeld in Sources */,
				E813A3AA1DECA4E4006D9725 /* LocationsProfileView.swift in Sources */,
				C49C6AE11DFCB433007D98AC /* CustomBorder.swift in Sources */,
			);
			runOnlyForDeploymentPostprocessing = 0;
		};
/* End PBXSourcesBuildPhase section */

/* Begin XCBuildConfiguration section */
		C4EAE2E11DDF65E20069C15E /* Debug */ = {
			isa = XCBuildConfiguration;
			buildSettings = {
				ALWAYS_SEARCH_USER_PATHS = NO;
				CLANG_ANALYZER_NONNULL = YES;
				CLANG_CXX_LANGUAGE_STANDARD = "gnu++0x";
				CLANG_CXX_LIBRARY = "libc++";
				CLANG_ENABLE_MODULES = YES;
				CLANG_ENABLE_OBJC_ARC = YES;
				CLANG_WARN_BOOL_CONVERSION = YES;
				CLANG_WARN_CONSTANT_CONVERSION = YES;
				CLANG_WARN_DIRECT_OBJC_ISA_USAGE = YES_ERROR;
				CLANG_WARN_DOCUMENTATION_COMMENTS = YES;
				CLANG_WARN_EMPTY_BODY = YES;
				CLANG_WARN_ENUM_CONVERSION = YES;
				CLANG_WARN_INFINITE_RECURSION = YES;
				CLANG_WARN_INT_CONVERSION = YES;
				CLANG_WARN_OBJC_ROOT_CLASS = YES_ERROR;
				CLANG_WARN_SUSPICIOUS_MOVE = YES;
				CLANG_WARN_SUSPICIOUS_MOVES = YES;
				CLANG_WARN_UNREACHABLE_CODE = YES;
				CLANG_WARN__DUPLICATE_METHOD_MATCH = YES;
				"CODE_SIGN_IDENTITY[sdk=iphoneos*]" = "iPhone Developer";
				COPY_PHASE_STRIP = NO;
				DEBUG_INFORMATION_FORMAT = dwarf;
				ENABLE_STRICT_OBJC_MSGSEND = YES;
				ENABLE_TESTABILITY = YES;
				GCC_C_LANGUAGE_STANDARD = gnu99;
				GCC_DYNAMIC_NO_PIC = NO;
				GCC_NO_COMMON_BLOCKS = YES;
				GCC_OPTIMIZATION_LEVEL = 0;
				GCC_PREPROCESSOR_DEFINITIONS = (
					"DEBUG=1",
					"$(inherited)",
				);
				GCC_WARN_64_TO_32_BIT_CONVERSION = YES;
				GCC_WARN_ABOUT_RETURN_TYPE = YES_ERROR;
				GCC_WARN_UNDECLARED_SELECTOR = YES;
				GCC_WARN_UNINITIALIZED_AUTOS = YES_AGGRESSIVE;
				GCC_WARN_UNUSED_FUNCTION = YES;
				GCC_WARN_UNUSED_VARIABLE = YES;
				IPHONEOS_DEPLOYMENT_TARGET = 10.1;
				MTL_ENABLE_DEBUG_INFO = YES;
				ONLY_ACTIVE_ARCH = YES;
				SDKROOT = iphoneos;
				SWIFT_ACTIVE_COMPILATION_CONDITIONS = DEBUG;
				SWIFT_OPTIMIZATION_LEVEL = "-Onone";
			};
			name = Debug;
		};
		C4EAE2E21DDF65E20069C15E /* Release */ = {
			isa = XCBuildConfiguration;
			buildSettings = {
				ALWAYS_SEARCH_USER_PATHS = NO;
				CLANG_ANALYZER_NONNULL = YES;
				CLANG_CXX_LANGUAGE_STANDARD = "gnu++0x";
				CLANG_CXX_LIBRARY = "libc++";
				CLANG_ENABLE_MODULES = YES;
				CLANG_ENABLE_OBJC_ARC = YES;
				CLANG_WARN_BOOL_CONVERSION = YES;
				CLANG_WARN_CONSTANT_CONVERSION = YES;
				CLANG_WARN_DIRECT_OBJC_ISA_USAGE = YES_ERROR;
				CLANG_WARN_DOCUMENTATION_COMMENTS = YES;
				CLANG_WARN_EMPTY_BODY = YES;
				CLANG_WARN_ENUM_CONVERSION = YES;
				CLANG_WARN_INFINITE_RECURSION = YES;
				CLANG_WARN_INT_CONVERSION = YES;
				CLANG_WARN_OBJC_ROOT_CLASS = YES_ERROR;
				CLANG_WARN_SUSPICIOUS_MOVE = YES;
				CLANG_WARN_SUSPICIOUS_MOVES = YES;
				CLANG_WARN_UNREACHABLE_CODE = YES;
				CLANG_WARN__DUPLICATE_METHOD_MATCH = YES;
				"CODE_SIGN_IDENTITY[sdk=iphoneos*]" = "iPhone Developer";
				COPY_PHASE_STRIP = NO;
				DEBUG_INFORMATION_FORMAT = "dwarf-with-dsym";
				ENABLE_NS_ASSERTIONS = NO;
				ENABLE_STRICT_OBJC_MSGSEND = YES;
				GCC_C_LANGUAGE_STANDARD = gnu99;
				GCC_NO_COMMON_BLOCKS = YES;
				GCC_WARN_64_TO_32_BIT_CONVERSION = YES;
				GCC_WARN_ABOUT_RETURN_TYPE = YES_ERROR;
				GCC_WARN_UNDECLARED_SELECTOR = YES;
				GCC_WARN_UNINITIALIZED_AUTOS = YES_AGGRESSIVE;
				GCC_WARN_UNUSED_FUNCTION = YES;
				GCC_WARN_UNUSED_VARIABLE = YES;
				IPHONEOS_DEPLOYMENT_TARGET = 10.1;
				MTL_ENABLE_DEBUG_INFO = NO;
				SDKROOT = iphoneos;
				SWIFT_OPTIMIZATION_LEVEL = "-Owholemodule";
				VALIDATE_PRODUCT = YES;
			};
			name = Release;
		};
		C4EAE2E41DDF65E20069C15E /* Debug */ = {
			isa = XCBuildConfiguration;
			baseConfigurationReference = 06127B45D1FA197E42D189AB /* Pods-PupsAndPlaygrounds.debug.xcconfig */;
			buildSettings = {
				ALWAYS_EMBED_SWIFT_STANDARD_LIBRARIES = YES;
				ASSETCATALOG_COMPILER_APPICON_NAME = AppIcon;
				CODE_SIGN_ENTITLEMENTS = PupsAndPlaygrounds/PupsAndPlaygrounds.entitlements;
				"CODE_SIGN_IDENTITY[sdk=iphoneos*]" = "iPhone Developer";
				DEVELOPMENT_TEAM = KXY9EDFTF5;
				INFOPLIST_FILE = PupsAndPlaygrounds/Info.plist;
				LD_RUNPATH_SEARCH_PATHS = "$(inherited) @executable_path/Frameworks";
				PRODUCT_BUNDLE_IDENTIFIER = "com.flatironschool.team-potato-cruise";
				PRODUCT_NAME = "$(TARGET_NAME)";
				SWIFT_VERSION = 3.0;
			};
			name = Debug;
		};
		C4EAE2E51DDF65E20069C15E /* Release */ = {
			isa = XCBuildConfiguration;
			baseConfigurationReference = DE3F3980132B9AA038E051E8 /* Pods-PupsAndPlaygrounds.release.xcconfig */;
			buildSettings = {
				ALWAYS_EMBED_SWIFT_STANDARD_LIBRARIES = YES;
				ASSETCATALOG_COMPILER_APPICON_NAME = AppIcon;
				CODE_SIGN_ENTITLEMENTS = PupsAndPlaygrounds/PupsAndPlaygrounds.entitlements;
				"CODE_SIGN_IDENTITY[sdk=iphoneos*]" = "iPhone Developer";
				DEVELOPMENT_TEAM = KXY9EDFTF5;
				INFOPLIST_FILE = PupsAndPlaygrounds/Info.plist;
				LD_RUNPATH_SEARCH_PATHS = "$(inherited) @executable_path/Frameworks";
				PRODUCT_BUNDLE_IDENTIFIER = "com.flatironschool.team-potato-cruise";
				PRODUCT_NAME = "$(TARGET_NAME)";
				SWIFT_VERSION = 3.0;
			};
			name = Release;
		};
/* End XCBuildConfiguration section */

/* Begin XCConfigurationList section */
		C4EAE2C91DDF65E20069C15E /* Build configuration list for PBXProject "PupsAndPlaygrounds" */ = {
			isa = XCConfigurationList;
			buildConfigurations = (
				C4EAE2E11DDF65E20069C15E /* Debug */,
				C4EAE2E21DDF65E20069C15E /* Release */,
			);
			defaultConfigurationIsVisible = 0;
			defaultConfigurationName = Release;
		};
		C4EAE2E31DDF65E20069C15E /* Build configuration list for PBXNativeTarget "PupsAndPlaygrounds" */ = {
			isa = XCConfigurationList;
			buildConfigurations = (
				C4EAE2E41DDF65E20069C15E /* Debug */,
				C4EAE2E51DDF65E20069C15E /* Release */,
			);
			defaultConfigurationIsVisible = 0;
			defaultConfigurationName = Release;
		};
/* End XCConfigurationList section */

/* Begin XCVersionGroup section */
		C4EAE2D81DDF65E20069C15E /* PupsAndPlaygrounds.xcdatamodeld */ = {
			isa = XCVersionGroup;
			children = (
				C4EAE2D91DDF65E20069C15E /* PupsAndPlaygrounds.xcdatamodel */,
			);
			currentVersion = C4EAE2D91DDF65E20069C15E /* PupsAndPlaygrounds.xcdatamodel */;
			path = PupsAndPlaygrounds.xcdatamodeld;
			sourceTree = "<group>";
			versionGroupType = wrapper.xcdatamodel;
		};
/* End XCVersionGroup section */
	};
	rootObject = C4EAE2C61DDF65E20069C15E /* Project object */;
}
